
Microsoft Visual Studio Solution File, Format Version 12.00
# Visual Studio Version 16
VisualStudioVersion = 16.0.29324.140
MinimumVisualStudioVersion = 10.0.40219.1
Project("{FAE04EC0-301F-11D3-BF4B-00C04F79EFBC}") = "ActividadDelegates", "ActividadDelegates\ActividadDelegates.csproj", "{C8CB7369-E905-4517-9608-EE9A85D0EC8D}"
EndProject
Global
	GlobalSection(SolutionConfigurationPlatforms) = preSolution
		Debug|Any CPU = Debug|Any CPU
		Release|Any CPU = Release|Any CPU
	EndGlobalSection
	GlobalSection(ProjectConfigurationPlatforms) = postSolution
		{C8CB7369-E905-4517-9608-EE9A85D0EC8D}.Debug|Any CPU.ActiveCfg = Debug|Any CPU
		{C8CB7369-E905-4517-9608-EE9A85D0EC8D}.Debug|Any CPU.Build.0 = Debug|Any CPU
		{C8CB7369-E905-4517-9608-EE9A85D0EC8D}.Release|Any CPU.ActiveCfg = Release|Any CPU
		{C8CB7369-E905-4517-9608-EE9A85D0EC8D}.Release|Any CPU.Build.0 = Release|Any CPU
	EndGlobalSection
	GlobalSection(SolutionProperties) = preSolution
		HideSolutionNode = FALSE
	EndGlobalSection
	GlobalSection(ExtensibilityGlobals) = postSolution
		SolutionGuid = {087B5780-9915-49FC-804E-B612C9CAFB9A}
	EndGlobalSection
EndGlobal
