
Microsoft Visual Studio Solution File, Format Version 12.00
# Visual Studio Version 16
VisualStudioVersion = 16.0.29519.181
MinimumVisualStudioVersion = 10.0.40219.1
Project("{FAE04EC0-301F-11D3-BF4B-00C04F79EFBC}") = "Examen3P_TPVS3", "Examen3P_TPVS3\Examen3P_TPVS3.csproj", "{9708DAB0-A208-4C01-9BF6-AAA42F033134}"
EndProject
Global
	GlobalSection(SolutionConfigurationPlatforms) = preSolution
		Debug|Any CPU = Debug|Any CPU
		Release|Any CPU = Release|Any CPU
	EndGlobalSection
	GlobalSection(ProjectConfigurationPlatforms) = postSolution
		{9708DAB0-A208-4C01-9BF6-AAA42F033134}.Debug|Any CPU.ActiveCfg = Debug|Any CPU
		{9708DAB0-A208-4C01-9BF6-AAA42F033134}.Debug|Any CPU.Build.0 = Debug|Any CPU
		{9708DAB0-A208-4C01-9BF6-AAA42F033134}.Release|Any CPU.ActiveCfg = Release|Any CPU
		{9708DAB0-A208-4C01-9BF6-AAA42F033134}.Release|Any CPU.Build.0 = Release|Any CPU
	EndGlobalSection
	GlobalSection(SolutionProperties) = preSolution
		HideSolutionNode = FALSE
	EndGlobalSection
	GlobalSection(ExtensibilityGlobals) = postSolution
		SolutionGuid = {FAEAB8C6-B1E2-4C5A-ABF0-D4779BF1774D}
	EndGlobalSection
EndGlobal
